
Microsoft Visual Studio Solution File, Format Version 12.00
# Visual Studio Version 18
VisualStudioVersion = 18.6.11806.211 stable
MinimumVisualStudioVersion = 10.0.40219.1
Project("{FAE04EC0-301F-11D3-BF4B-00C04F79EFBC}") = "PapeleriaBlazor", "PapeleriaBlazor.csproj", "{B9B79F0F-5D6E-9D8A-057A-A51B63261926}"
EndProject
Global
	GlobalSection(SolutionConfigurationPlatforms) = preSolution
		Debug|Any CPU = Debug|Any CPU
		Release|Any CPU = Release|Any CPU
	EndGlobalSection
	GlobalSection(ProjectConfigurationPlatforms) = postSolution
		{B9B79F0F-5D6E-9D8A-057A-A51B63261926}.Debug|Any CPU.ActiveCfg = Debug|Any CPU
		{B9B79F0F-5D6E-9D8A-057A-A51B63261926}.Debug|Any CPU.Build.0 = Debug|Any CPU
		{B9B79F0F-5D6E-9D8A-057A-A51B63261926}.Release|Any CPU.ActiveCfg = Release|Any CPU
		{B9B79F0F-5D6E-9D8A-057A-A51B63261926}.Release|Any CPU.Build.0 = Release|Any CPU
	EndGlobalSection
	GlobalSection(SolutionProperties) = preSolution
		HideSolutionNode = FALSE
	EndGlobalSection
	GlobalSection(ExtensibilityGlobals) = postSolution
		SolutionGuid = {134C5998-7293-434A-94BE-E229F6A6B111}
	EndGlobalSection
EndGlobal
